
Microsoft Visual Studio Solution File, Format Version 12.00
# Visual Studio Version 17
VisualStudioVersion = 17.0.32014.148
MinimumVisualStudioVersion = 10.0.40219.1
Project("{FAE04EC0-301F-11D3-BF4B-00C04F79EFBC}") = "VendingMachine", "VendingMachine\VendingMachine.csproj", "{327D2D62-F322-4305-8BC5-90BAC062F244}"
EndProject
Global
	GlobalSection(SolutionConfigurationPlatforms) = preSolution
		Debug|Any CPU = Debug|Any CPU
		Release|Any CPU = Release|Any CPU
	EndGlobalSection
	GlobalSection(ProjectConfigurationPlatforms) = postSolution
		{327D2D62-F322-4305-8BC5-90BAC062F244}.Debug|Any CPU.ActiveCfg = Debug|Any CPU
		{327D2D62-F322-4305-8BC5-90BAC062F244}.Debug|Any CPU.Build.0 = Debug|Any CPU
		{327D2D62-F322-4305-8BC5-90BAC062F244}.Release|Any CPU.ActiveCfg = Release|Any CPU
		{327D2D62-F322-4305-8BC5-90BAC062F244}.Release|Any CPU.Build.0 = Release|Any CPU
	EndGlobalSection
	GlobalSection(SolutionProperties) = preSolution
		HideSolutionNode = FALSE
	EndGlobalSection
	GlobalSection(ExtensibilityGlobals) = postSolution
		SolutionGuid = {746593A6-6C30-4F4C-A754-6327A69F4C30}
	EndGlobalSection
EndGlobal
